# This is a Gradle generated file for dependency locking.
# Manual edits can break the build and are not advised.
# This file is expected to be part of source control.
com.avast.gradle.docker-compose:com.avast.gradle.docker-compose.gradle.plugin:0.17.12=classpath
com.avast.gradle:gradle-docker-compose-plugin:0.17.12=classpath
com.fasterxml.jackson.core:jackson-annotations:2.19.4=classpath
com.fasterxml.jackson.core:jackson-core:2.19.4=classpath
com.fasterxml.jackson.core:jackson-databind:2.19.4=classpath
com.fasterxml.jackson.module:jackson-module-parameter-names:2.19.4=classpath
com.fasterxml.jackson:jackson-bom:2.19.4=classpath
com.google.code.findbugs:jsr305:3.0.2=classpath
com.googlecode.javaewah:JavaEWAH:1.2.3=classpath
com.vdurmont:semver4j:3.1.0=classpath
com.wise.common:dependencies-resolution-rules:0.1.0=classpath
com.wise.gradle.springbootbuild:wise-spring-boot-build:0.2.7=classpath
com.wise.gradlewise.cerberus:com.wise.gradlewise.cerberus.gradle.plugin:0.1.12=classpath
com.wise.gradlewise.gha:com.wise.gradlewise.gha.gradle.plugin:1.24.5=classpath
com.wise.gradlewise:cerberus:0.1.12=classpath
com.wise.gradlewise:common:0.1.7=classpath
com.wise.gradlewise:github-actions-generator:1.24.5=classpath
com.wise.spring-boot-build:com.wise.spring-boot-build.gradle.plugin:0.2.7=classpath
com.wise.spring-boot-service.project:com.wise.spring-boot-service.project.gradle.plugin:3.0.2=classpath
com.wise:dependency-management-gradle-plugin:3.0.2=classpath
com.wise:spring-boot-service-project-gradle-plugin:3.0.2=classpath
com.wise:spring-boot-service-settings-gradle-plugin:3.0.2=classpath
commons-codec:commons-codec:1.17.1=classpath
commons-io:commons-io:2.16.1=classpath
io.github.java-diff-utils:java-diff-utils:4.12=classpath
io.spring.gradle:dependency-management-plugin:1.1.7=classpath
net.java.dev.jna:jna-platform:5.17.0=classpath
net.java.dev.jna:jna:5.17.0=classpath
org.antlr:antlr4-runtime:4.7.2=classpath
org.apache.commons:commons-compress:1.27.1=classpath
org.apache.commons:commons-lang3:3.16.0=classpath
org.apache.httpcomponents.client5:httpclient5:5.5.2=classpath
org.apache.httpcomponents.core5:httpcore5-h2:5.3.6=classpath
org.apache.httpcomponents.core5:httpcore5:5.3.6=classpath
org.eclipse.jgit:org.eclipse.jgit:6.9.0.202403050737-r=classpath
org.slf4j:slf4j-api:1.7.36=classpath
org.springframework.boot:org.springframework.boot.gradle.plugin:3.5.11=classpath
org.springframework.boot:spring-boot-buildpack-platform:3.5.11=classpath
org.springframework.boot:spring-boot-gradle-plugin:3.5.11=classpath
org.springframework.boot:spring-boot-loader-tools:3.5.11=classpath
org.springframework:spring-core:6.2.16=classpath
org.springframework:spring-jcl:6.2.16=classpath
org.tomlj:tomlj:1.0.0=classpath
org.yaml:snakeyaml:2.3=classpath
empty=
